Microsoft Visual Studio Solution File, Format Version 12.00
# Visual Studio 2012
Project("{FAE04EC0-301F-11D3-BF4B-00C04F79EFBC}") = "Ninja Kai", "Ninja Kai.csproj", "{758A4889-9AC4-4C2C-9C20-8A2584CC1588}"
EndProject
Global
	GlobalSection(SolutionConfigurationPlatforms) = preSolution
	Debug|Any CPU = Debug|Any CPU
	ExportDebug|Any CPU = ExportDebug|Any CPU
	ExportRelease|Any CPU = ExportRelease|Any CPU
	EndGlobalSection
	GlobalSection(ProjectConfigurationPlatforms) = postSolution
		{758A4889-9AC4-4C2C-9C20-8A2584CC1588}.Debug|Any CPU.ActiveCfg = Debug|Any CPU
		{758A4889-9AC4-4C2C-9C20-8A2584CC1588}.Debug|Any CPU.Build.0 = Debug|Any CPU
		{758A4889-9AC4-4C2C-9C20-8A2584CC1588}.ExportDebug|Any CPU.ActiveCfg = ExportDebug|Any CPU
		{758A4889-9AC4-4C2C-9C20-8A2584CC1588}.ExportDebug|Any CPU.Build.0 = ExportDebug|Any CPU
		{758A4889-9AC4-4C2C-9C20-8A2584CC1588}.ExportRelease|Any CPU.ActiveCfg = ExportRelease|Any CPU
		{758A4889-9AC4-4C2C-9C20-8A2584CC1588}.ExportRelease|Any CPU.Build.0 = ExportRelease|Any CPU
	EndGlobalSection
EndGlobal
